Microsoft Visual Studio Solution File, Format Version 12.00
# Visual Studio Version 17
VisualStudioVersion = 17.14.35821.62
MinimumVisualStudioVersion = 10.0.40219.1
Project("{FAE04EC0-301F-11D3-BF4B-00C04F79EFBC}") = "Booking", "Booking\Booking.csproj", "{3A494760-EE0B-4ECE-859B-BB2F88EFCB60}"
EndProject
Global
	GlobalSection(SolutionConfigurationPlatforms) = preSolution
		Debug|Any CPU = Debug|Any CPU
		Release|Any CPU = Release|Any CPU
	EndGlobalSection
	GlobalSection(ProjectConfigurationPlatforms) = postSolution
		{3A494760-EE0B-4ECE-859B-BB2F88EFCB60}.Debug|Any CPU.ActiveCfg = Debug|Any CPU
		{3A494760-EE0B-4ECE-859B-BB2F88EFCB60}.Debug|Any CPU.Build.0 = Debug|Any CPU
		{3A494760-EE0B-4ECE-859B-BB2F88EFCB60}.Release|Any CPU.ActiveCfg = Release|Any CPU
		{3A494760-EE0B-4ECE-859B-BB2F88EFCB60}.Release|Any CPU.Build.0 = Release|Any CPU
	EndGlobalSection
	GlobalSection(SolutionProperties) = preSolution
		HideSolutionNode = FALSE
	EndGlobalSection
	GlobalSection(ExtensibilityGlobals) = postSolution
		SolutionGuid = {102A5358-25B6-4CA1-A024-4D32564A9702}
	EndGlobalSection
EndGlobal
